
Microsoft Visual Studio Solution File, Format Version 12.00
# Visual Studio 15
VisualStudioVersion = 15.0.27130.2020
MinimumVisualStudioVersion = 10.0.40219.1
Project("{9A19103F-16F7-4668-BE54-9A1E7A4F7556}") = "CodeWars.EnoughIsEnough", "CodeWars.EnoughIsEnough\CodeWars.EnoughIsEnough.csproj", "{08625D1C-A99C-4C29-872E-CFCB913FA752}"
EndProject
Project("{9A19103F-16F7-4668-BE54-9A1E7A4F7556}") = "CodeWars.WhoLikesIt", "CodeWars.WhoLikesIt\CodeWars.WhoLikesIt.csproj", "{B545639C-F535-4A31-B70D-52AD6EF3943F}"
EndProject
Project("{2150E333-8FDC-42A3-9474-1A3956D46DE8}") = "EnoughIsEnough", "EnoughIsEnough", "{E3EAC30A-1477-4919-AA5F-62064D251BF6}"
EndProject
Project("{2150E333-8FDC-42A3-9474-1A3956D46DE8}") = "WhoLikesIt", "WhoLikesIt", "{30273262-0203-48C4-90C2-8A8345960D34}"
EndProject
Project("{9A19103F-16F7-4668-BE54-9A1E7A4F7556}") = "CodeWars.WhoLikesIt.Test", "CodeWars.WhoLikesIt.Test\CodeWars.WhoLikesIt.Test.csproj", "{B03C2CAB-8D1B-417B-960D-504C50832D3E}"
EndProject
Project("{2150E333-8FDC-42A3-9474-1A3956D46DE8}") = "AsyncTaskMain", "AsyncTaskMain", "{A4C295ED-C801-4403-9384-AE1FE347D1B4}"
EndProject
Project("{9A19103F-16F7-4668-BE54-9A1E7A4F7556}") = "CodeWars.AsyncTaskMain", "CodeWars.AsyncTaskMain\CodeWars.AsyncTaskMain.csproj", "{CE94557A-C515-4821-90D4-292944566BB2}"
EndProject
Project("{2150E333-8FDC-42A3-9474-1A3956D46DE8}") = "System.ValueTuple", "System.ValueTuple", "{BBC04D27-172C-40C4-9B54-F94E3C4620AB}"
EndProject
Project("{9A19103F-16F7-4668-BE54-9A1E7A4F7556}") = "CodeWars.ValueTuple", "CodeWars.ValueTuple\CodeWars.ValueTuple.csproj", "{CA4537E6-E1A4-45D1-8F76-774E69326A5D}"
EndProject
Project("{2150E333-8FDC-42A3-9474-1A3956D46DE8}") = "AsyncExamples", "AsyncExamples", "{DDBF0B18-63C3-4D02-BAB4-7824D2235463}"
EndProject
Project("{9A19103F-16F7-4668-BE54-9A1E7A4F7556}") = "CodeWars.AsyncExamplesTAP", "CodeWars.AsyncExamples\CodeWars.AsyncExamplesTAP.csproj", "{0316A40D-0977-416C-B240-5DA8367BDE54}"
EndProject
Project("{9A19103F-16F7-4668-BE54-9A1E7A4F7556}") = "CodeWars.AsyncWebClient", "CodeWars.AsyncWebClient\CodeWars.AsyncWebClient.csproj", "{31D1A8DD-192E-427D-9E64-D9858C437D24}"
EndProject
Project("{2150E333-8FDC-42A3-9474-1A3956D46DE8}") = "GoodVsEvil", "GoodVsEvil", "{89CBAF6B-BF58-4E43-898C-E66D90FEE8A0}"
EndProject
Project("{FAE04EC0-301F-11D3-BF4B-00C04F79EFBC}") = "CodeWars.GoodVsEvil", "CodeWars.GoodVsEvil\CodeWars.GoodVsEvil.csproj", "{73567D1C-12C6-4615-AFCB-BB9BC3B52020}"
EndProject
Project("{2150E333-8FDC-42A3-9474-1A3956D46DE8}") = "Find The Divisors", "Find The Divisors", "{09C1A856-95DF-4B61-8AA8-E81A75591875}"
EndProject
Project("{FAE04EC0-301F-11D3-BF4B-00C04F79EFBC}") = "CodeWars.FindTheDivisors", "CodeWars.FindTheDivisors\CodeWars.FindTheDivisors.csproj", "{23276206-0740-473B-BD68-FFE2AA759B75}"
EndProject
Global
	GlobalSection(SolutionConfigurationPlatforms) = preSolution
		Debug|Any CPU = Debug|Any CPU
		Release|Any CPU = Release|Any CPU
	EndGlobalSection
	GlobalSection(ProjectConfigurationPlatforms) = postSolution
		{08625D1C-A99C-4C29-872E-CFCB913FA752}.Debug|Any CPU.ActiveCfg = Debug|Any CPU
		{08625D1C-A99C-4C29-872E-CFCB913FA752}.Debug|Any CPU.Build.0 = Debug|Any CPU
		{08625D1C-A99C-4C29-872E-CFCB913FA752}.Release|Any CPU.ActiveCfg = Release|Any CPU
		{08625D1C-A99C-4C29-872E-CFCB913FA752}.Release|Any CPU.Build.0 = Release|Any CPU
		{B545639C-F535-4A31-B70D-52AD6EF3943F}.Debug|Any CPU.ActiveCfg = Debug|Any CPU
		{B545639C-F535-4A31-B70D-52AD6EF3943F}.Debug|Any CPU.Build.0 = Debug|Any CPU
		{B545639C-F535-4A31-B70D-52AD6EF3943F}.Release|Any CPU.ActiveCfg = Release|Any CPU
		{B545639C-F535-4A31-B70D-52AD6EF3943F}.Release|Any CPU.Build.0 = Release|Any CPU
		{B03C2CAB-8D1B-417B-960D-504C50832D3E}.Debug|Any CPU.ActiveCfg = Debug|Any CPU
		{B03C2CAB-8D1B-417B-960D-504C50832D3E}.Debug|Any CPU.Build.0 = Debug|Any CPU
		{B03C2CAB-8D1B-417B-960D-504C50832D3E}.Release|Any CPU.ActiveCfg = Release|Any CPU
		{B03C2CAB-8D1B-417B-960D-504C50832D3E}.Release|Any CPU.Build.0 = Release|Any CPU
		{CE94557A-C515-4821-90D4-292944566BB2}.Debug|Any CPU.ActiveCfg = Debug|Any CPU
		{CE94557A-C515-4821-90D4-292944566BB2}.Debug|Any CPU.Build.0 = Debug|Any CPU
		{CE94557A-C515-4821-90D4-292944566BB2}.Release|Any CPU.ActiveCfg = Release|Any CPU
		{CE94557A-C515-4821-90D4-292944566BB2}.Release|Any CPU.Build.0 = Release|Any CPU
		{CA4537E6-E1A4-45D1-8F76-774E69326A5D}.Debug|Any CPU.ActiveCfg = Debug|Any CPU
		{CA4537E6-E1A4-45D1-8F76-774E69326A5D}.Debug|Any CPU.Build.0 = Debug|Any CPU
		{CA4537E6-E1A4-45D1-8F76-774E69326A5D}.Release|Any CPU.ActiveCfg = Release|Any CPU
		{CA4537E6-E1A4-45D1-8F76-774E69326A5D}.Release|Any CPU.Build.0 = Release|Any CPU
		{0316A40D-0977-416C-B240-5DA8367BDE54}.Debug|Any CPU.ActiveCfg = Debug|Any CPU
		{0316A40D-0977-416C-B240-5DA8367BDE54}.Debug|Any CPU.Build.0 = Debug|Any CPU
		{0316A40D-0977-416C-B240-5DA8367BDE54}.Release|Any CPU.ActiveCfg = Release|Any CPU
		{0316A40D-0977-416C-B240-5DA8367BDE54}.Release|Any CPU.Build.0 = Release|Any CPU
		{31D1A8DD-192E-427D-9E64-D9858C437D24}.Debug|Any CPU.ActiveCfg = Debug|Any CPU
		{31D1A8DD-192E-427D-9E64-D9858C437D24}.Debug|Any CPU.Build.0 = Debug|Any CPU
		{31D1A8DD-192E-427D-9E64-D9858C437D24}.Release|Any CPU.ActiveCfg = Release|Any CPU
		{31D1A8DD-192E-427D-9E64-D9858C437D24}.Release|Any CPU.Build.0 = Release|Any CPU
		{73567D1C-12C6-4615-AFCB-BB9BC3B52020}.Debug|Any CPU.ActiveCfg = Debug|Any CPU
		{73567D1C-12C6-4615-AFCB-BB9BC3B52020}.Debug|Any CPU.Build.0 = Debug|Any CPU
		{73567D1C-12C6-4615-AFCB-BB9BC3B52020}.Release|Any CPU.ActiveCfg = Release|Any CPU
		{73567D1C-12C6-4615-AFCB-BB9BC3B52020}.Release|Any CPU.Build.0 = Release|Any CPU
		{23276206-0740-473B-BD68-FFE2AA759B75}.Debug|Any CPU.ActiveCfg = Debug|Any CPU
		{23276206-0740-473B-BD68-FFE2AA759B75}.Debug|Any CPU.Build.0 = Debug|Any CPU
		{23276206-0740-473B-BD68-FFE2AA759B75}.Release|Any CPU.ActiveCfg = Release|Any CPU
		{23276206-0740-473B-BD68-FFE2AA759B75}.Release|Any CPU.Build.0 = Release|Any CPU
	EndGlobalSection
	GlobalSection(SolutionProperties) = preSolution
		HideSolutionNode = FALSE
	EndGlobalSection
	GlobalSection(NestedProjects) = preSolution
		{08625D1C-A99C-4C29-872E-CFCB913FA752} = {E3EAC30A-1477-4919-AA5F-62064D251BF6}
		{B545639C-F535-4A31-B70D-52AD6EF3943F} = {30273262-0203-48C4-90C2-8A8345960D34}
		{B03C2CAB-8D1B-417B-960D-504C50832D3E} = {30273262-0203-48C4-90C2-8A8345960D34}
		{CE94557A-C515-4821-90D4-292944566BB2} = {A4C295ED-C801-4403-9384-AE1FE347D1B4}
		{CA4537E6-E1A4-45D1-8F76-774E69326A5D} = {BBC04D27-172C-40C4-9B54-F94E3C4620AB}
		{0316A40D-0977-416C-B240-5DA8367BDE54} = {DDBF0B18-63C3-4D02-BAB4-7824D2235463}
		{31D1A8DD-192E-427D-9E64-D9858C437D24} = {DDBF0B18-63C3-4D02-BAB4-7824D2235463}
		{73567D1C-12C6-4615-AFCB-BB9BC3B52020} = {89CBAF6B-BF58-4E43-898C-E66D90FEE8A0}
		{23276206-0740-473B-BD68-FFE2AA759B75} = {09C1A856-95DF-4B61-8AA8-E81A75591875}
	EndGlobalSection
	GlobalSection(ExtensibilityGlobals) = postSolution
		SolutionGuid = {D4AAD4D4-D0ED-4272-9BAB-7F3B1F51F094}
	EndGlobalSection
EndGlobal
